
Microsoft Visual Studio Solution File, Format Version 12.00
# Visual Studio Version 17
VisualStudioVersion = 17.10.34928.147
MinimumVisualStudioVersion = 10.0.40219.1
Project("{FAE04EC0-301F-11D3-BF4B-00C04F79EFBC}") = "Models", "Models\Models.csproj", "{5CE1B243-5D07-4A8A-BC31-8CA99FA02795}"
EndProject
Global
	GlobalSection(SolutionConfigurationPlatforms) = preSolution
		Debug|Any CPU = Debug|Any CPU
		Release|Any CPU = Release|Any CPU
	EndGlobalSection
	GlobalSection(ProjectConfigurationPlatforms) = postSolution
		{5CE1B243-5D07-4A8A-BC31-8CA99FA02795}.Debug|Any CPU.ActiveCfg = Debug|Any CPU
		{5CE1B243-5D07-4A8A-BC31-8CA99FA02795}.Debug|Any CPU.Build.0 = Debug|Any CPU
		{5CE1B243-5D07-4A8A-BC31-8CA99FA02795}.Release|Any CPU.ActiveCfg = Release|Any CPU
		{5CE1B243-5D07-4A8A-BC31-8CA99FA02795}.Release|Any CPU.Build.0 = Release|Any CPU
	EndGlobalSection
	GlobalSection(SolutionProperties) = preSolution
		HideSolutionNode = FALSE
	EndGlobalSection
	GlobalSection(ExtensibilityGlobals) = postSolution
		SolutionGuid = {DE34D11D-8485-4EFF-B47F-9F595A6C8816}
	EndGlobalSection
EndGlobal
